
Microsoft Visual Studio Solution File, Format Version 12.00
# Visual Studio Version 17
VisualStudioVersion = 17.0.31903.59
MinimumVisualStudioVersion = 10.0.40219.1
Project("{FAE04EC0-301F-11D3-BF4B-00C04F79EFBC}") = "WebApi", "WebApi\WebApi.csproj", "{9097048C-E26A-4369-9E5B-E209557D6313}"
EndProject
Project("{FAE04EC0-301F-11D3-BF4B-00C04F79EFBC}") = "Entites", "Entites\Entites.csproj", "{AB76682B-96F7-48C6-BBFD-00CE7D5B9BC6}"
EndProject
Project("{FAE04EC0-301F-11D3-BF4B-00C04F79EFBC}") = "Repositories", "Repositories\Repositories.csproj", "{76E53799-795B-4A27-82FC-7E44A4195D13}"
EndProject
Project("{FAE04EC0-301F-11D3-BF4B-00C04F79EFBC}") = "Services", "Services\Services.csproj", "{1646E0D3-E7AE-471B-A93C-7ADEF9CA91A6}"
EndProject
Project("{FAE04EC0-301F-11D3-BF4B-00C04F79EFBC}") = "Presentation", "Presentation\Presentation.csproj", "{74924E64-DE27-45D2-A3EB-5215520DE4E3}"
EndProject
Global
	GlobalSection(SolutionConfigurationPlatforms) = preSolution
		Debug|Any CPU = Debug|Any CPU
		Release|Any CPU = Release|Any CPU
	EndGlobalSection
	GlobalSection(ProjectConfigurationPlatforms) = postSolution
		{9097048C-E26A-4369-9E5B-E209557D6313}.Debug|Any CPU.ActiveCfg = Debug|Any CPU
		{9097048C-E26A-4369-9E5B-E209557D6313}.Debug|Any CPU.Build.0 = Debug|Any CPU
		{9097048C-E26A-4369-9E5B-E209557D6313}.Release|Any CPU.ActiveCfg = Release|Any CPU
		{9097048C-E26A-4369-9E5B-E209557D6313}.Release|Any CPU.Build.0 = Release|Any CPU
		{AB76682B-96F7-48C6-BBFD-00CE7D5B9BC6}.Debug|Any CPU.ActiveCfg = Debug|Any CPU
		{AB76682B-96F7-48C6-BBFD-00CE7D5B9BC6}.Debug|Any CPU.Build.0 = Debug|Any CPU
		{AB76682B-96F7-48C6-BBFD-00CE7D5B9BC6}.Release|Any CPU.ActiveCfg = Release|Any CPU
		{AB76682B-96F7-48C6-BBFD-00CE7D5B9BC6}.Release|Any CPU.Build.0 = Release|Any CPU
		{76E53799-795B-4A27-82FC-7E44A4195D13}.Debug|Any CPU.ActiveCfg = Debug|Any CPU
		{76E53799-795B-4A27-82FC-7E44A4195D13}.Debug|Any CPU.Build.0 = Debug|Any CPU
		{76E53799-795B-4A27-82FC-7E44A4195D13}.Release|Any CPU.ActiveCfg = Release|Any CPU
		{76E53799-795B-4A27-82FC-7E44A4195D13}.Release|Any CPU.Build.0 = Release|Any CPU
		{1646E0D3-E7AE-471B-A93C-7ADEF9CA91A6}.Debug|Any CPU.ActiveCfg = Debug|Any CPU
		{1646E0D3-E7AE-471B-A93C-7ADEF9CA91A6}.Debug|Any CPU.Build.0 = Debug|Any CPU
		{1646E0D3-E7AE-471B-A93C-7ADEF9CA91A6}.Release|Any CPU.ActiveCfg = Release|Any CPU
		{1646E0D3-E7AE-471B-A93C-7ADEF9CA91A6}.Release|Any CPU.Build.0 = Release|Any CPU
		{74924E64-DE27-45D2-A3EB-5215520DE4E3}.Debug|Any CPU.ActiveCfg = Debug|Any CPU
		{74924E64-DE27-45D2-A3EB-5215520DE4E3}.Debug|Any CPU.Build.0 = Debug|Any CPU
		{74924E64-DE27-45D2-A3EB-5215520DE4E3}.Release|Any CPU.ActiveCfg = Release|Any CPU
		{74924E64-DE27-45D2-A3EB-5215520DE4E3}.Release|Any CPU.Build.0 = Release|Any CPU
	EndGlobalSection
	GlobalSection(SolutionProperties) = preSolution
		HideSolutionNode = FALSE
	EndGlobalSection
	GlobalSection(ExtensibilityGlobals) = postSolution
		SolutionGuid = {7304FEEB-DBEF-4290-980B-FC850A327475}
	EndGlobalSection
EndGlobal
